[[package]]
name = "appnope"
version = "0.1.3"
description = "Disable App Nap on macOS >= 10.9"
category = "dev"
optional = false
python-versions = "*"

[[package]]
name = "asttokens"
version = "2.0.8"
description = "Annotate AST trees with source code positions"
category = "dev"
optional = false
python-versions = "*"

[package.dependencies]
six = "*"

[package.extras]
test = ["astroid (<=2.5.3)", "pytest"]

[[package]]
name = "backcall"
version = "0.2.0"
description = "Specifications for callback functions passed in to an API"
category = "dev"
optional = false
python-versions = "*"

[[package]]
name = "colorama"
version = "0.4.5"
description = "Cross-platform colored terminal text."
category = "dev"
optional = false
python-versions = ">=2.7, !=3.0.*, !=3.1.*, !=3.2.*, !=3.3.*, !=3.4.*"

[[package]]
name = "commonmark"
version = "0.9.1"
description = "Python parser for the CommonMark Markdown spec"
category = "main"
optional = false
python-versions = "*"

[package.extras]
test = ["flake8 (==3.7.8)", "hypothesis (==3.55.3)"]

[[package]]
name = "cupy-cuda11x"
version = "11.2.0"
description = "CuPy: NumPy & SciPy for GPU"
category = "dev"
optional = false
python-versions = ">=3.7"

[package.dependencies]
fastrlock = ">=0.5"
numpy = ">=1.20,<1.26"

[package.extras]
all = ["Cython (>=0.29.22,<3)", "optuna (>=2.0)", "scipy (>=1.6,<1.12)"]
stylecheck = ["autopep8 (==1.5.5)", "flake8 (==3.8.4)", "mypy (==0.950)", "pbr (==5.5.1)", "pycodestyle (==2.6.0)", "types-setuptools (==57.4.14)"]
test = ["hypothesis (>=6.37.2,<6.55.0)", "pytest (>=6.2)"]

[[package]]
name = "cupy-rocm-5-0"
version = "11.2.0"
description = "CuPy: NumPy & SciPy for GPU"
category = "dev"
optional = false
python-versions = ">=3.7"

[package.dependencies]
fastrlock = ">=0.5"
numpy = ">=1.20,<1.26"

[package.extras]
all = ["Cython (>=0.29.22,<3)", "optuna (>=2.0)", "scipy (>=1.6,<1.12)"]
stylecheck = ["autopep8 (==1.5.5)", "flake8 (==3.8.4)", "mypy (==0.950)", "pbr (==5.5.1)", "pycodestyle (==2.6.0)", "types-setuptools (==57.4.14)"]
test = ["hypothesis (>=6.37.2,<6.55.0)", "pytest (>=6.2)"]

[[package]]
name = "decorator"
version = "5.1.1"
description = "Decorators for Humans"
category = "dev"
optional = false
python-versions = ">=3.5"

[[package]]
name = "executing"
version = "1.1.1"
description = "Get the currently executing AST node of a frame, and other information"
category = "dev"
optional = false
python-versions = "*"

[package.extras]
tests = ["asttokens", "littleutils", "pytest", "rich"]

[[package]]
name = "fancycompleter"
version = "0.9.1"
description = "colorful TAB completion for Python prompt"
category = "dev"
optional = false
python-versions = "*"

[package.dependencies]
pyreadline = {version = "*", markers = "platform_system == \"Windows\""}
pyrepl = ">=0.8.2"

[[package]]
name = "fastrlock"
version = "0.8"
description = "Fast, re-entrant optimistic lock implemented in Cython"
category = "dev"
optional = false
python-versions = "*"

[[package]]
name = "ipython"
version = "8.5.0"
description = "IPython: Productive Interactive Computing"
category = "dev"
optional = false
python-versions = ">=3.8"

[package.dependencies]
appnope = {version = "*", markers = "sys_platform == \"darwin\""}
backcall = "*"
colorama = {version = "*", markers = "sys_platform == \"win32\""}
decorator = "*"
jedi = ">=0.16"
matplotlib-inline = "*"
pexpect = {version = ">4.3", markers = "sys_platform != \"win32\""}
pickleshare = "*"
prompt-toolkit = ">3.0.1,<3.1.0"
pygments = ">=2.4.0"
stack-data = "*"
traitlets = ">=5"

[package.extras]
all = ["Sphinx (>=1.3)", "black", "curio", "ipykernel", "ipyparallel", "ipywidgets", "matplotlib (!=3.2.0)", "nbconvert", "nbformat", "notebook", "numpy (>=1.19)", "pandas", "pytest (<7.1)", "pytest-asyncio", "qtconsole", "testpath", "trio"]
black = ["black"]
doc = ["Sphinx (>=1.3)"]
kernel = ["ipykernel"]
nbconvert = ["nbconvert"]
nbformat = ["nbformat"]
notebook = ["ipywidgets", "notebook"]
parallel = ["ipyparallel"]
qtconsole = ["qtconsole"]
test = ["pytest (<7.1)", "pytest-asyncio", "testpath"]
test_extra = ["curio", "matplotlib (!=3.2.0)", "nbformat", "numpy (>=1.19)", "pandas", "pytest (<7.1)", "pytest-asyncio", "testpath", "trio"]

[[package]]
name = "jedi"
version = "0.18.1"
description = "An autocompletion tool for Python that can be used for text editors."
category = "dev"
optional = false
python-versions = ">=3.6"

[package.dependencies]
parso = ">=0.8.0,<0.9.0"

[package.extras]
qa = ["flake8 (==3.8.3)", "mypy (==0.782)"]
testing = ["Django (<3.1)", "colorama", "docopt", "pytest (<7.0.0)"]

[[package]]
name = "llvmlite"
version = "0.39.1"
description = "lightweight wrapper around basic LLVM functionality"
category = "dev"
optional = false
python-versions = ">=3.7"

[[package]]
name = "matplotlib-inline"
version = "0.1.6"
description = "Inline Matplotlib backend for Jupyter"
category = "dev"
optional = false
python-versions = ">=3.5"

[package.dependencies]
traitlets = "*"

[[package]]
name = "numba"
version = "0.56.2"
description = "compiling Python code using LLVM"
category = "dev"
optional = false
python-versions = ">=3.7"

[package.dependencies]
llvmlite = ">=0.39.0dev0,<0.40"
numpy = ">=1.18,<1.24"
setuptools = "<60"

[[package]]
name = "numpy"
version = "1.23.3"
description = "NumPy is the fundamental package for array computing with Python."
category = "main"
optional = false
python-versions = ">=3.8"

[[package]]
name = "parso"
version = "0.8.3"
description = "A Python Parser"
category = "dev"
optional = false
python-versions = ">=3.6"

[package.extras]
qa = ["flake8 (==3.8.3)", "mypy (==0.782)"]
testing = ["docopt", "pytest (<6.0.0)"]

[[package]]
name = "pdbpp"
version = "0.10.3"
description = "pdb++, a drop-in replacement for pdb"
category = "dev"
optional = false
python-versions = "*"

[package.dependencies]
fancycompleter = ">=0.8"
pygments = "*"
wmctrl = "*"

[package.extras]
funcsigs = ["funcsigs"]
testing = ["funcsigs", "pytest"]

[[package]]
name = "pexpect"
version = "4.8.0"
description = "Pexpect allows easy control of interactive console applications."
category = "dev"
optional = false
python-versions = "*"

[package.dependencies]
ptyprocess = ">=0.5"

[[package]]
name = "pickleshare"
version = "0.7.5"
description = "Tiny 'shelve'-like database with concurrency support"
category = "dev"
optional = false
python-versions = "*"

[[package]]
name = "prompt-toolkit"
version = "3.0.31"
description = "Library for building powerful interactive command lines in Python"
category = "dev"
optional = false
python-versions = ">=3.6.2"

[package.dependencies]
wcwidth = "*"

[[package]]
name = "ptyprocess"
version = "0.7.0"
description = "Run a subprocess in a pseudo terminal"
category = "dev"
optional = false
python-versions = "*"

[[package]]
name = "pure-eval"
version = "0.2.2"
description = "Safely evaluate AST nodes without side effects"
category = "dev"
optional = false
python-versions = "*"

[package.extras]
tests = ["pytest"]

[[package]]
name = "Pygments"
version = "2.13.0"
description = "Pygments is a syntax highlighting package written in Python."
category = "main"
optional = false
python-versions = ">=3.6"

[package.extras]
plugins = ["importlib-metadata"]

[[package]]
name = "pyreadline"
version = "2.1"
description = "A python implmementation of GNU readline."
category = "dev"
optional = false
python-versions = "*"

[[package]]
name = "pyrepl"
version = "0.9.0"
description = "A library for building flexible command line interfaces"
category = "dev"
optional = false
python-versions = "*"

[[package]]
name = "rich"
version = "12.6.0"
description = "Render rich text, tables, progress bars, syntax highlighting, markdown and more to the terminal"
category = "main"
optional = false
python-versions = ">=3.6.3,<4.0.0"

[package.dependencies]
commonmark = ">=0.9.0,<0.10.0"
pygments = ">=2.6.0,<3.0.0"

[package.extras]
jupyter = ["ipywidgets (>=7.5.1,<8.0.0)"]

[[package]]
name = "setuptools"
version = "59.8.0"
description = "Easily download, build, install, upgrade, and uninstall Python packages"
category = "dev"
optional = false
python-versions = ">=3.7"

[package.extras]
docs = ["furo", "jaraco.packaging (>=8.2)", "jaraco.tidelift (>=1.4)", "pygments-github-lexers (==0.0.5)", "rst.linker (>=1.9)", "sphinx", "sphinx-inline-tabs", "sphinxcontrib-towncrier"]
testing = ["flake8-2020", "jaraco.envs (>=2.2)", "jaraco.path (>=3.2.0)", "mock", "paver", "pip (>=19.1)", "pytest (>=6)", "pytest-black (>=0.3.7)", "pytest-checkdocs (>=2.4)", "pytest-cov", "pytest-enabler (>=1.0.1)", "pytest-flake8", "pytest-mypy", "pytest-virtualenv (>=1.2.7)", "pytest-xdist", "sphinx", "virtualenv (>=13.0.0)", "wheel"]

[[package]]
name = "six"
version = "1.16.0"
description = "Python 2 and 3 compatibility utilities"
category = "dev"
optional = false
python-versions = ">=2.7, !=3.0.*, !=3.1.*, !=3.2.*"

[[package]]
name = "stack-data"
version = "0.5.1"
description = "Extract data from python stack frames and tracebacks for informative displays"
category = "dev"
optional = false
python-versions = "*"

[package.dependencies]
asttokens = "*"
executing = "*"
pure-eval = "*"

[package.extras]
tests = ["cython", "littleutils", "pygments", "pytest", "typeguard"]

[[package]]
name = "torch"
version = "1.12.1+cu116"
description = "Tensors and Dynamic neural networks in Python with strong GPU acceleration"
category = "dev"
optional = false
python-versions = ">=3.7.0"

[package.dependencies]
typing-extensions = "*"

[package.source]
type = "legacy"
url = "https://download.pytorch.org/whl/cu116"
reference = "torch-cuda"

[[package]]
name = "traitlets"
version = "5.4.0"
description = ""
category = "dev"
optional = false
python-versions = ">=3.7"

[package.extras]
test = ["pre-commit", "pytest"]

[[package]]
name = "typing-extensions"
version = "4.4.0"
description = "Backported and Experimental Type Hints for Python 3.7+"
category = "dev"
optional = false
python-versions = ">=3.7"

[[package]]
name = "wcwidth"
version = "0.2.5"
description = "Measures the displayed width of unicode strings in a terminal"
category = "dev"
optional = false
python-versions = "*"

[[package]]
name = "wmctrl"
version = "0.4"
description = "A tool to programmatically control windows inside X"
category = "dev"
optional = false
python-versions = "*"

[metadata]
lock-version = "1.1"
python-versions = "^3.10,<3.11"
content-hash = "57b60e842ed42b590a361356adcf03f7117798a6688d72fb930e962558eac166"

[metadata.files]
appnope = [
    {file = "appnope-0.1.3-py2.py3-none-any.whl", hash = "sha256:265a455292d0bd8a72453494fa24df5a11eb18373a60c7c0430889f22548605e"},
    {file = "appnope-0.1.3.tar.gz", hash = "sha256:02bd91c4de869fbb1e1c50aafc4098827a7a54ab2f39d9dcba6c9547ed920e24"},
]
asttokens = [
    {file = "asttokens-2.0.8-py2.py3-none-any.whl", hash = "sha256:e3305297c744ae53ffa032c45dc347286165e4ffce6875dc662b205db0623d86"},
    {file = "asttokens-2.0.8.tar.gz", hash = "sha256:c61e16246ecfb2cde2958406b4c8ebc043c9e6d73aaa83c941673b35e5d3a76b"},
]
backcall = [
    {file = "backcall-0.2.0-py2.py3-none-any.whl", hash = "sha256:fbbce6a29f263178a1f7915c1940bde0ec2b2a967566fe1c65c1dfb7422bd255"},
    {file = "backcall-0.2.0.tar.gz", hash = "sha256:5cbdbf27be5e7cfadb448baf0aa95508f91f2bbc6c6437cd9cd06e2a4c215e1e"},
]
colorama = [
    {file = "colorama-0.4.5-py2.py3-none-any.whl", hash = "sha256:854bf444933e37f5824ae7bfc1e98d5bce2ebe4160d46b5edf346a89358e99da"},
    {file = "colorama-0.4.5.tar.gz", hash = "sha256:e6c6b4334fc50988a639d9b98aa429a0b57da6e17b9a44f0451f930b6967b7a4"},
]
commonmark = [
    {file = "commonmark-0.9.1-py2.py3-none-any.whl", hash = "sha256:da2f38c92590f83de410ba1a3cbceafbc74fee9def35f9251ba9a971d6d66fd9"},
    {file = "commonmark-0.9.1.tar.gz", hash = "sha256:452f9dc859be7f06631ddcb328b6919c67984aca654e5fefb3914d54691aed60"},
]
cupy-cuda11x = [
    {file = "cupy_cuda11x-11.2.0-cp310-cp310-manylinux1_x86_64.whl", hash = "sha256:bd673c8a3ca26421697cf3442b5eaae9f12fbcb1d6cbb5c0d674227cdb4bee78"},
    {file = "cupy_cuda11x-11.2.0-cp310-cp310-win_amd64.whl", hash = "sha256:4835f3f755257ff1f8582f2e4219606336c883ace3ffd7f9998690177b2ed3ad"},
    {file = "cupy_cuda11x-11.2.0-cp37-cp37m-manylinux1_x86_64.whl", hash = "sha256:c7022bd1679676dae8cd2886afb1e0323f8d733097a8d541a0a7804baa00991e"},
    {file = "cupy_cuda11x-11.2.0-cp37-cp37m-win_amd64.whl", hash = "sha256:ad40f5ebc5e4deef3ab879ecc334a632f58d114b52d6abc133673f52a7e04c7a"},
    {file = "cupy_cuda11x-11.2.0-cp38-cp38-manylinux1_x86_64.whl", hash = "sha256:12fda3e9f838f4db6cfbc5b9d84a7c867feedb3c5770d9194c04513b9e67ff59"},
    {file = "cupy_cuda11x-11.2.0-cp38-cp38-win_amd64.whl", hash = "sha256:e370d33a5607585803da3833740480dbbc837e822fe448d93906daf276b9e514"},
    {file = "cupy_cuda11x-11.2.0-cp39-cp39-manylinux1_x86_64.whl", hash = "sha256:b9272155578caf7d7f2571f0bfb0363039bf0809057bcf7dbe8e7935d49f3be7"},
    {file = "cupy_cuda11x-11.2.0-cp39-cp39-win_amd64.whl", hash = "sha256:4423ee8c07c2c7e8995448141c12fb50e3f300bd392f17747940a80315193e3a"},
]
cupy-rocm-5-0 = [
    {file = "cupy_rocm_5_0-11.2.0-cp310-cp310-manylinux1_x86_64.whl", hash = "sha256:3d0ded13b408b429988764ef5847330d4c76af1f5c5f5a3facd64d79be93b22a"},
    {file = "cupy_rocm_5_0-11.2.0-cp37-cp37m-manylinux1_x86_64.whl", hash = "sha256:5e75d8c5526b27840b5bf8451fc5d2893370fbe236d4d88fd7a25d4fad61730c"},
    {file = "cupy_rocm_5_0-11.2.0-cp38-cp38-manylinux1_x86_64.whl", hash = "sha256:e6f3c14afac259aca9a7f6439e566a1d425bc71d5a14e2627601a86496f80e80"},
    {file = "cupy_rocm_5_0-11.2.0-cp39-cp39-manylinux1_x86_64.whl", hash = "sha256:830342f13d755dbf4ad43b4898c73da98b0a542fac4cfa423b8e937c6ca92cb5"},
]
decorator = [
    {file = "decorator-5.1.1-py3-none-any.whl", hash = "sha256:b8c3f85900b9dc423225913c5aace94729fe1fa9763b38939a95226f02d37186"},
    {file = "decorator-5.1.1.tar.gz", hash = "sha256:637996211036b6385ef91435e4fae22989472f9d571faba8927ba8253acbc330"},
]
executing = [
    {file = "executing-1.1.1-py2.py3-none-any.whl", hash = "sha256:236ea5f059a38781714a8bfba46a70fad3479c2f552abee3bbafadc57ed111b8"},
    {file = "executing-1.1.1.tar.gz", hash = "sha256:b0d7f8dcc2bac47ce6e39374397e7acecea6fdc380a6d5323e26185d70f38ea8"},
]
fancycompleter = [
    {file = "fancycompleter-0.9.1-py3-none-any.whl", hash = "sha256:dd076bca7d9d524cc7f25ec8f35ef95388ffef9ef46def4d3d25e9b044ad7080"},
    {file = "fancycompleter-0.9.1.tar.gz", hash = "sha256:09e0feb8ae242abdfd7ef2ba55069a46f011814a80fe5476be48f51b00247272"},
]
fastrlock = [
    {file = "fastrlock-0.8-cp27-cp27m-win32.whl", hash = "sha256:4d414a5e97a545fee64437586c70bd295d22ac49614eeb76fb67980e32a0d1ae"},
    {file = "fastrlock-0.8-cp27-cp27m-win_amd64.whl", hash = "sha256:b991766baec0113829c5a10bec4c5ec987cab31dfcb1fabf53e370b83b939ef9"},
    {file = "fastrlock-0.8-cp310-cp310-manylinux_2_17_aarch64.manylinux2014_aarch64.whl", hash = "sha256:5356a15375fab5a8090f255b54122eead504ebcec8a67ac369489e3e315dfd21"},
    {file = "fastrlock-0.8-cp310-cp310-manylinux_2_5_i686.manylinux1_i686.manylinux_2_12_i686.manylinux2010_i686.whl", hash = "sha256:8369ce6d228fc3efbfcff5499468200bd12c35efdbc787eeaf8064153bcf0d72"},
    {file = "fastrlock-0.8-cp310-cp310-manylinux_2_5_x86_64.manylinux1_x86_64.manylinux_2_12_x86_64.manylinux2010_x86_64.whl", hash = "sha256:09314c5c0f63fe252a3ee038af855d7fb5668d0ccbae94846a35b32487c6256c"},
    {file = "fastrlock-0.8-cp35-cp35m-win32.whl", hash = "sha256:b724a7f5c1d5f9cdc30a13022e6e8cf319812c40dad0fd722b5ea18d2cfc4c4d"},
    {file = "fastrlock-0.8-cp35-cp35m-win_amd64.whl", hash = "sha256:c7ec22a5726467af53950a8baba92327620c0f73c34fab930ce29b94c8645c7e"},
    {file = "fastrlock-0.8-cp36-cp36m-manylinux_2_17_aarch64.manylinux2014_aarch64.whl", hash = "sha256:dcd7a05ba34702d0f0e9751d35afb06be21034fcf00197567ff0dcdf48cde8e7"},
    {file = "fastrlock-0.8-cp36-cp36m-manylinux_2_5_i686.manylinux1_i686.manylinux_2_12_i686.manylinux2010_i686.whl", hash = "sha256:997bc6c4fafda396449e2410a5d32b69d231fdccc5af6de6cefe9d67e5f7157e"},
    {file = "fastrlock-0.8-cp36-cp36m-manylinux_2_5_x86_64.manylinux1_x86_64.manylinux_2_12_x86_64.manylinux2010_x86_64.whl", hash = "sha256:4ba3d3dc0dbb1cff2eee033a1f6369c24a86e8c20b427edfceff3f38b48b391c"},
    {file = "fastrlock-0.8-cp36-cp36m-win32.whl", hash = "sha256:f365fc1de226ce96fedbb475c4523b304ce00f9a59beea620dba34e21239f5f3"},
    {file = "fastrlock-0.8-cp36-cp36m-win_amd64.whl", hash = "sha256:7c9c66ab93877272169b017dc24f63c9c94b3f9d55b0b0b8c3f6d9644280120c"},
    {file = "fastrlock-0.8-cp37-cp37m-manylinux_2_17_aarch64.manylinux2014_aarch64.whl", hash = "sha256:b5d5fd2a76aa9cd451a8820e2427e512620062ffa62ea5732da0ab8888b6be6e"},
    {file = "fastrlock-0.8-cp37-cp37m-manylinux_2_5_i686.manylinux1_i686.manylinux_2_12_i686.manylinux2010_i686.whl", hash = "sha256:340ae0734305d780aaad0893dba8185f4dbb0575d5fd696b5720eaf800526bbc"},
    {file = "fastrlock-0.8-cp37-cp37m-manylinux_2_5_x86_64.manylinux1_x86_64.manylinux_2_12_x86_64.manylinux2010_x86_64.whl", hash = "sha256:719743b5b3c2b214fdf63096ac6a68615b4d9b8cb210e9e6ddf0293b38da2c9a"},
    {file = "fastrlock-0.8-cp37-cp37m-win32.whl", hash = "sha256:1cfb5ac6336ff327359a31b690898adf9a813fd44a76196115a3f0afb2367c81"},
    {file = "fastrlock-0.8-cp37-cp37m-win_amd64.whl", hash = "sha256:5aa6b442b12fa1f9041248506c8ea5ae909a92aedd5a139647dce2ee87e5b944"},
    {file = "fastrlock-0.8-cp38-cp38-manylinux_2_17_aarch64.manylinux2014_aarch64.whl", hash = "sha256:af9df4c17c3142c9774cd1b9edea586f709c6421f02bcf7614507937b921ea7f"},
    {file = "fastrlock-0.8-cp38-cp38-manylinux_2_5_i686.manylinux1_i686.manylinux_2_12_i686.manylinux2010_i686.whl", hash = "sha256:951a5c4dc6fbe4481082752ce9f21aabcaa1cf6185f683d7b5cbae254f10bb46"},
    {file = "fastrlock-0.8-cp38-cp38-manylinux_2_5_x86_64.manylinux1_x86_64.manylinux_2_12_x86_64.manylinux2010_x86_64.whl", hash = "sha256:5c75985ba70fb4e8af595a0f67f58b96e0dbc53562768208890b4b2ac25b4b52"},
    {file = "fastrlock-0.8-cp38-cp38-win32.whl", hash = "sha256:0b459511349dc96c8961f1d43635bb94cfc2404a8899792a1f9aaa9998fa0eca"},
    {file = "fastrlock-0.8-cp38-cp38-win_amd64.whl", hash = "sha256:7b612474ddacf808c663aa8020db0a78f54a665ccabd9dbe505d3d4c4b3f6044"},
    {file = "fastrlock-0.8-cp39-cp39-manylinux_2_17_aarch64.manylinux2014_aarch64.whl", hash = "sha256:fe85f98fa66de41f929b8e01e4a9c5a7d20e660f605054b847c4ac54fadc8f79"},
    {file = "fastrlock-0.8-cp39-cp39-manylinux_2_5_i686.manylinux1_i686.manylinux_2_12_i686.manylinux2010_i686.whl", hash = "sha256:d2029fb44eac8ab5f7aafb3fcde9419cbdaa07a08f72dac8cd7790dc0f73e596"},
    {file = "fastrlock-0.8-cp39-cp39-manylinux_2_5_x86_64.manylinux1_x86_64.manylinux_2_12_x86_64.manylinux2010_x86_64.whl", hash = "sha256:3bba2a866c9f6eb1923ead5e70e1da02b3e57c531830eb4fcbd2d8e9530a2d7e"},
    {file = "fastrlock-0.8-cp39-cp39-win32.whl", hash = "sha256:85c36ac55dc917c7e1f4fb03a841fe84b3fb2669dd0306bb94bf62c5749b1a7f"},
    {file = "fastrlock-0.8-cp39-cp39-win_amd64.whl", hash = "sha256:4bb33625117bc9f1a66a5049a5d03ac4b38a44cb8eefdff1a394f7a435da54c9"},
    {file = "fastrlock-0.8.tar.gz", hash = "sha256:9cc100ed0924b32173d7de705a82fdf1257cdf60af1952a13f64759307b40931"},
]
ipython = [
    {file = "ipython-8.5.0-py3-none-any.whl", hash = "sha256:6f090e29ab8ef8643e521763a4f1f39dc3914db643122b1e9d3328ff2e43ada2"},
    {file = "ipython-8.5.0.tar.gz", hash = "sha256:097bdf5cd87576fd066179c9f7f208004f7a6864ee1b20f37d346c0bcb099f84"},
]
jedi = [
    {file = "jedi-0.18.1-py2.py3-none-any.whl", hash = "sha256:637c9635fcf47945ceb91cd7f320234a7be540ded6f3e99a50cb6febdfd1ba8d"},
    {file = "jedi-0.18.1.tar.gz", hash = "sha256:74137626a64a99c8eb6ae5832d99b3bdd7d29a3850fe2aa80a4126b2a7d949ab"},
]
llvmlite = [
    {file = "llvmlite-0.39.1-cp310-cp310-macosx_10_9_x86_64.whl", hash = "sha256:6717c7a6e93c9d2c3d07c07113ec80ae24af45cde536b34363d4bcd9188091d9"},
    {file = "llvmlite-0.39.1-cp310-cp310-macosx_11_0_arm64.whl", hash = "sha256:ddab526c5a2c4ccb8c9ec4821fcea7606933dc53f510e2a6eebb45a418d3488a"},
    {file = "llvmlite-0.39.1-cp310-cp310-manylinux_2_17_aarch64.manylinux2014_aarch64.whl", hash = "sha256:a3f331a323d0f0ada6b10d60182ef06c20a2f01be21699999d204c5750ffd0b4"},
    {file = "llvmlite-0.39.1-cp310-cp310-manylinux_2_17_i686.manylinux2014_i686.whl", hash = "sha256:e2c00ff204afa721b0bb9835b5bf1ba7fba210eefcec5552a9e05a63219ba0dc"},
    {file = "llvmlite-0.39.1-cp310-cp310-manylinux_2_17_x86_64.manylinux2014_x86_64.whl", hash = "sha256:16f56eb1eec3cda3a5c526bc3f63594fc24e0c8d219375afeb336f289764c6c7"},
    {file = "llvmlite-0.39.1-cp310-cp310-win32.whl", hash = "sha256:d0bfd18c324549c0fec2c5dc610fd024689de6f27c6cc67e4e24a07541d6e49b"},
    {file = "llvmlite-0.39.1-cp310-cp310-win_amd64.whl", hash = "sha256:7ebf1eb9badc2a397d4f6a6c8717447c81ac011db00064a00408bc83c923c0e4"},
    {file = "llvmlite-0.39.1-cp37-cp37m-macosx_10_9_x86_64.whl", hash = "sha256:6546bed4e02a1c3d53a22a0bced254b3b6894693318b16c16c8e43e29d6befb6"},
    {file = "llvmlite-0.39.1-cp37-cp37m-manylinux_2_17_aarch64.manylinux2014_aarch64.whl", hash = "sha256:1578f5000fdce513712e99543c50e93758a954297575610f48cb1fd71b27c08a"},
    {file = "llvmlite-0.39.1-cp37-cp37m-manylinux_2_17_i686.manylinux2014_i686.whl", hash = "sha256:3803f11ad5f6f6c3d2b545a303d68d9fabb1d50e06a8d6418e6fcd2d0df00959"},
    {file = "llvmlite-0.39.1-cp37-cp37m-manylinux_2_17_x86_64.manylinux2014_x86_64.whl", hash = "sha256:50aea09a2b933dab7c9df92361b1844ad3145bfb8dd2deb9cd8b8917d59306fb"},
    {file = "llvmlite-0.39.1-cp37-cp37m-win32.whl", hash = "sha256:b1a0bbdb274fb683f993198775b957d29a6f07b45d184c571ef2a721ce4388cf"},
    {file = "llvmlite-0.39.1-cp37-cp37m-win_amd64.whl", hash = "sha256:e172c73fccf7d6db4bd6f7de963dedded900d1a5c6778733241d878ba613980e"},
    {file = "llvmlite-0.39.1-cp38-cp38-macosx_10_9_x86_64.whl", hash = "sha256:e31f4b799d530255aaf0566e3da2df5bfc35d3cd9d6d5a3dcc251663656c27b1"},
    {file = "llvmlite-0.39.1-cp38-cp38-macosx_11_0_arm64.whl", hash = "sha256:62c0ea22e0b9dffb020601bb65cb11dd967a095a488be73f07d8867f4e327ca5"},
    {file = "llvmlite-0.39.1-cp38-cp38-manylinux_2_17_aarch64.manylinux2014_aarch64.whl", hash = "sha256:9ffc84ade195abd4abcf0bd3b827b9140ae9ef90999429b9ea84d5df69c9058c"},
    {file = "llvmlite-0.39.1-cp38-cp38-manylinux_2_17_i686.manylinux2014_i686.whl", hash = "sha256:c0f158e4708dda6367d21cf15afc58de4ebce979c7a1aa2f6b977aae737e2a54"},
    {file = "llvmlite-0.39.1-cp38-cp38-manylinux_2_17_x86_64.manylinux2014_x86_64.whl", hash = "sha256:22d36591cd5d02038912321d9ab8e4668e53ae2211da5523f454e992b5e13c36"},
    {file = "llvmlite-0.39.1-cp38-cp38-win32.whl", hash = "sha256:4c6ebace910410daf0bebda09c1859504fc2f33d122e9a971c4c349c89cca630"},
    {file = "llvmlite-0.39.1-cp38-cp38-win_amd64.whl", hash = "sha256:fb62fc7016b592435d3e3a8f680e3ea8897c3c9e62e6e6cc58011e7a4801439e"},
    {file = "llvmlite-0.39.1-cp39-cp39-macosx_10_9_x86_64.whl", hash = "sha256:fa9b26939ae553bf30a9f5c4c754db0fb2d2677327f2511e674aa2f5df941789"},
    {file = "llvmlite-0.39.1-cp39-cp39-macosx_11_0_arm64.whl", hash = "sha256:e4f212c018db951da3e1dc25c2651abc688221934739721f2dad5ff1dd5f90e7"},
    {file = "llvmlite-0.39.1-cp39-cp39-manylinux_2_17_aarch64.manylinux2014_aarch64.whl", hash = "sha256:39dc2160aed36e989610fc403487f11b8764b6650017ff367e45384dff88ffbf"},
    {file = "llvmlite-0.39.1-cp39-cp39-manylinux_2_17_i686.manylinux2014_i686.whl", hash = "sha256:1ec3d70b3e507515936e475d9811305f52d049281eaa6c8273448a61c9b5b7e2"},
    {file = "llvmlite-0.39.1-cp39-cp39-manylinux_2_17_x86_64.manylinux2014_x86_64.whl", hash = "sha256:60f8dd1e76f47b3dbdee4b38d9189f3e020d22a173c00f930b52131001d801f9"},
    {file = "llvmlite-0.39.1-cp39-cp39-win32.whl", hash = "sha256:03aee0ccd81735696474dc4f8b6be60774892a2929d6c05d093d17392c237f32"},
    {file = "llvmlite-0.39.1-cp39-cp39-win_amd64.whl", hash = "sha256:3fc14e757bc07a919221f0cbaacb512704ce5774d7fcada793f1996d6bc75f2a"},
    {file = "llvmlite-0.39.1.tar.gz", hash = "sha256:b43abd7c82e805261c425d50335be9a6c4f84264e34d6d6e475207300005d572"},
]
matplotlib-inline = [
    {file = "matplotlib-inline-0.1.6.tar.gz", hash = "sha256:f887e5f10ba98e8d2b150ddcf4702c1e5f8b3a20005eb0f74bfdbd360ee6f304"},
    {file = "matplotlib_inline-0.1.6-py3-none-any.whl", hash = "sha256:f1f41aab5328aa5aaea9b16d083b128102f8712542f819fe7e6a420ff581b311"},
]
numba = [
    {file = "numba-0.56.2-cp310-cp310-macosx_10_14_x86_64.whl", hash = "sha256:e50d1de5291d1afd3d660ca149447c682d70b8d3c22f97ed9a3076e6344330b0"},
    {file = "numba-0.56.2-cp310-cp310-macosx_11_0_arm64.whl", hash = "sha256:0c358fd4ef7c5efc09ee96432284d66df285bd68654e85c39cf6c570dc35429a"},
    {file = "numba-0.56.2-cp310-cp310-manylinux2014_aarch64.manylinux_2_17_aarch64.whl", hash = "sha256:6465f23beff2f6134f53da873d4202671cdbb02716a29f2b5f5c77102ece37c0"},
    {file = "numba-0.56.2-cp310-cp310-manylinux2014_i686.manylinux_2_17_i686.whl", hash = "sha256:2e4ac02b1bacea083e7cab5c02ded3bb5db7bb35d9c3a0a63da4f8c86691365a"},
    {file = "numba-0.56.2-cp310-cp310-manylinux2014_x86_64.manylinux_2_17_x86_64.whl", hash = "sha256:ea7d286519eb575f66617805582391e6483e8b33968831331ecd46fe3c7f753f"},
    {file = "numba-0.56.2-cp310-cp310-win32.whl", hash = "sha256:590112ac60ff482f1d096e7574f9a781dff2f7bc91bfe388fe7d87e52630c0ec"},
    {file = "numba-0.56.2-cp310-cp310-win_amd64.whl", hash = "sha256:e998782d1e466ce5a61cce18f23fd69ba0eeb78069fd2ad59e1a2928a29f952f"},
    {file = "numba-0.56.2-cp37-cp37m-macosx_10_14_x86_64.whl", hash = "sha256:c011436c8e0ec7e37fbb81953537ceb659e662f7c7f9850f2638a100e857bee4"},
    {file = "numba-0.56.2-cp37-cp37m-manylinux2014_aarch64.manylinux_2_17_aarch64.whl", hash = "sha256:d216a8957057afa43374eb9a11c69a874424d33e20f4270f80cef878c7efa500"},
    {file = "numba-0.56.2-cp37-cp37m-manylinux2014_i686.manylinux_2_17_i686.whl", hash = "sha256:2a1d81994bedc0e02f900ea4b81bdfd4929ee844f6ef9242e196c50f30f95449"},
    {file = "numba-0.56.2-cp37-cp37m-manylinux2014_x86_64.manylinux_2_17_x86_64.whl", hash = "sha256:8a8e35d9b86d33c2f77e50fd8a610b984f57005e1cd1a2c8267d4cfd743d8f49"},
    {file = "numba-0.56.2-cp37-cp37m-win32.whl", hash = "sha256:bb3609bb76fd5b1d3adc9a7df40f27c3eb8c7e5d2c8a536c1bdc7b09c2fdc215"},
    {file = "numba-0.56.2-cp37-cp37m-win_amd64.whl", hash = "sha256:339e519f4091fab3a446b474e041c86eedd216334f8dd7febee4b43df112179c"},
    {file = "numba-0.56.2-cp38-cp38-macosx_10_14_x86_64.whl", hash = "sha256:63199334b9fedf3511369738fa8ef07411abc1cd9e8cd0e474cf671133b85180"},
    {file = "numba-0.56.2-cp38-cp38-macosx_11_0_arm64.whl", hash = "sha256:f112dcfcbcbb19da33e9218611c51208499d52d74e358f2160e64ccb46e50f07"},
    {file = "numba-0.56.2-cp38-cp38-manylinux2014_aarch64.manylinux_2_17_aarch64.whl", hash = "sha256:c4467aed831297473ec94f9f3d9795de551c447bf6ea17d7ac24b6a47fb687ea"},
    {file = "numba-0.56.2-cp38-cp38-manylinux2014_i686.manylinux_2_17_i686.whl", hash = "sha256:ae89056d1681c70b79bc9835c40672d4ba22cf4e75eacc0b8ff7f176c7233781"},
    {file = "numba-0.56.2-cp38-cp38-manylinux2014_x86_64.manylinux_2_17_x86_64.whl", hash = "sha256:edbba200696c4be93a10020e4e0eab5ca0898dff4920f3dc2b4d39c14e40b993"},
    {file = "numba-0.56.2-cp38-cp38-win32.whl", hash = "sha256:45cefeefa78762753c2be9f64e7579a7523afff479642c3c661fb78bd740a352"},
    {file = "numba-0.56.2-cp38-cp38-win_amd64.whl", hash = "sha256:9eb56e7a23c4daa195cefba894671a45464533b0af9908483ba3de74a75fe682"},
    {file = "numba-0.56.2-cp39-cp39-macosx_10_14_x86_64.whl", hash = "sha256:faced8cc33ee6a272654bb3e570994e1949790ae06579ea485c25849f4e79008"},
    {file = "numba-0.56.2-cp39-cp39-macosx_11_0_arm64.whl", hash = "sha256:2713f161c51e0638dd4f92036999a523df5dcc498d39adb1559cf7cacb6f0fe9"},
    {file = "numba-0.56.2-cp39-cp39-manylinux2014_aarch64.manylinux_2_17_aarch64.whl", hash = "sha256:6b885219eba813a4c70e68fce18339a3e575fb2b75e92d2babbcf04a40f74dee"},
    {file = "numba-0.56.2-cp39-cp39-manylinux2014_i686.manylinux_2_17_i686.whl", hash = "sha256:d87bdb704ef219c00844844a8ac9c6f1c518f2cee9c26d1971427b6bc3d2004d"},
    {file = "numba-0.56.2-cp39-cp39-manylinux2014_x86_64.manylinux_2_17_x86_64.whl", hash = "sha256:6184d0c125bdf2f19ad78e71e9ea873ad6c88c55f7609f987bd4354d15c54bb3"},
    {file = "numba-0.56.2-cp39-cp39-win32.whl", hash = "sha256:61d472e42ecad262857409a00f9f24d4609b190ba1fab5fc118e7a1ee43c9d39"},
    {file = "numba-0.56.2-cp39-cp39-win_amd64.whl", hash = "sha256:36903c24088aed9a768d7e8269f4ee4d3abc5662e2aeacacf524a7c5d1707b04"},
    {file = "numba-0.56.2.tar.gz", hash = "sha256:3492f0a5d09e257fc521f5377a6c6b907eec1920d14739f0b2458b9d29946a5a"},
]
numpy = [
    {file = "numpy-1.23.3-cp310-cp310-macosx_10_9_x86_64.whl", hash = "sha256:c9f707b5bb73bf277d812ded9896f9512a43edff72712f31667d0a8c2f8e71ee"},
    {file = "numpy-1.23.3-cp310-cp310-macosx_11_0_arm64.whl", hash = "sha256:ffcf105ecdd9396e05a8e58e81faaaf34d3f9875f137c7372450baa5d77c9a54"},
    {file = "numpy-1.23.3-cp310-cp310-manylinux_2_17_aarch64.manylinux2014_aarch64.whl", hash = "sha256:0ea3f98a0ffce3f8f57675eb9119f3f4edb81888b6874bc1953f91e0b1d4f440"},
    {file = "numpy-1.23.3-cp310-cp310-manylinux_2_17_x86_64.manylinux2014_x86_64.whl", hash = "sha256:004f0efcb2fe1c0bd6ae1fcfc69cc8b6bf2407e0f18be308612007a0762b4089"},
    {file = "numpy-1.23.3-cp310-cp310-win32.whl", hash = "sha256:98dcbc02e39b1658dc4b4508442a560fe3ca5ca0d989f0df062534e5ca3a5c1a"},
    {file = "numpy-1.23.3-cp310-cp310-win_amd64.whl", hash = "sha256:39a664e3d26ea854211867d20ebcc8023257c1800ae89773cbba9f9e97bae036"},
    {file = "numpy-1.23.3-cp311-cp311-macosx_10_9_x86_64.whl", hash = "sha256:1f27b5322ac4067e67c8f9378b41c746d8feac8bdd0e0ffede5324667b8a075c"},
    {file = "numpy-1.23.3-cp311-cp311-macosx_11_0_arm64.whl", hash = "sha256:2ad3ec9a748a8943e6eb4358201f7e1c12ede35f510b1a2221b70af4bb64295c"},
    {file = "numpy-1.23.3-cp311-cp311-manylinux_2_17_aarch64.manylinux2014_aarch64.whl", hash = "sha256:bdc9febce3e68b697d931941b263c59e0c74e8f18861f4064c1f712562903411"},
    {file = "numpy-1.23.3-cp311-cp311-manylinux_2_17_x86_64.manylinux2014_x86_64.whl", hash = "sha256:301c00cf5e60e08e04d842fc47df641d4a181e651c7135c50dc2762ffe293dbd"},
    {file = "numpy-1.23.3-cp311-cp311-win32.whl", hash = "sha256:7cd1328e5bdf0dee621912f5833648e2daca72e3839ec1d6695e91089625f0b4"},
    {file = "numpy-1.23.3-cp311-cp311-win_amd64.whl", hash = "sha256:8355fc10fd33a5a70981a5b8a0de51d10af3688d7a9e4a34fcc8fa0d7467bb7f"},
    {file = "numpy-1.23.3-cp38-cp38-macosx_10_9_x86_64.whl", hash = "sha256:bc6e8da415f359b578b00bcfb1d08411c96e9a97f9e6c7adada554a0812a6cc6"},
    {file = "numpy-1.23.3-cp38-cp38-macosx_11_0_arm64.whl", hash = "sha256:22d43376ee0acd547f3149b9ec12eec2f0ca4a6ab2f61753c5b29bb3e795ac4d"},
    {file = "numpy-1.23.3-cp38-cp38-manylinux_2_17_aarch64.manylinux2014_aarch64.whl", hash = "sha256:a64403f634e5ffdcd85e0b12c08f04b3080d3e840aef118721021f9b48fc1460"},
    {file = "numpy-1.23.3-cp38-cp38-manylinux_2_17_x86_64.manylinux2014_x86_64.whl", hash = "sha256:efd9d3abe5774404becdb0748178b48a218f1d8c44e0375475732211ea47c67e"},
    {file = "numpy-1.23.3-cp38-cp38-win32.whl", hash = "sha256:f8c02ec3c4c4fcb718fdf89a6c6f709b14949408e8cf2a2be5bfa9c49548fd85"},
    {file = "numpy-1.23.3-cp38-cp38-win_amd64.whl", hash = "sha256:e868b0389c5ccfc092031a861d4e158ea164d8b7fdbb10e3b5689b4fc6498df6"},
    {file = "numpy-1.23.3-cp39-cp39-macosx_10_9_x86_64.whl", hash = "sha256:09f6b7bdffe57fc61d869a22f506049825d707b288039d30f26a0d0d8ea05164"},
    {file = "numpy-1.23.3-cp39-cp39-macosx_11_0_arm64.whl", hash = "sha256:8c79d7cf86d049d0c5089231a5bcd31edb03555bd93d81a16870aa98c6cfb79d"},
    {file = "numpy-1.23.3-cp39-cp39-manylinux_2_17_aarch64.manylinux2014_aarch64.whl", hash = "sha256:e5d5420053bbb3dd64c30e58f9363d7a9c27444c3648e61460c1237f9ec3fa14"},
    {file = "numpy-1.23.3-cp39-cp39-manylinux_2_17_x86_64.manylinux2014_x86_64.whl", hash = "sha256:d5422d6a1ea9b15577a9432e26608c73a78faf0b9039437b075cf322c92e98e7"},
    {file = "numpy-1.23.3-cp39-cp39-win32.whl", hash = "sha256:c1ba66c48b19cc9c2975c0d354f24058888cdc674bebadceb3cdc9ec403fb5d1"},
    {file = "numpy-1.23.3-cp39-cp39-win_amd64.whl", hash = "sha256:78a63d2df1d947bd9d1b11d35564c2f9e4b57898aae4626638056ec1a231c40c"},
    {file = "numpy-1.23.3-pp38-pypy38_pp73-macosx_10_9_x86_64.whl", hash = "sha256:17c0e467ade9bda685d5ac7f5fa729d8d3e76b23195471adae2d6a6941bd2c18"},
    {file = "numpy-1.23.3-pp38-pypy38_pp73-manylinux_2_17_x86_64.manylinux2014_x86_64.whl", hash = "sha256:91b8d6768a75247026e951dce3b2aac79dc7e78622fc148329135ba189813584"},
    {file = "numpy-1.23.3-pp38-pypy38_pp73-win_amd64.whl", hash = "sha256:94c15ca4e52671a59219146ff584488907b1f9b3fc232622b47e2cf832e94fb8"},
    {file = "numpy-1.23.3.tar.gz", hash = "sha256:51bf49c0cd1d52be0a240aa66f3458afc4b95d8993d2d04f0d91fa60c10af6cd"},
]
parso = [
    {file = "parso-0.8.3-py2.py3-none-any.whl", hash = "sha256:c001d4636cd3aecdaf33cbb40aebb59b094be2a74c556778ef5576c175e19e75"},
    {file = "parso-0.8.3.tar.gz", hash = "sha256:8c07be290bb59f03588915921e29e8a50002acaf2cdc5fa0e0114f91709fafa0"},
]
pdbpp = [
    {file = "pdbpp-0.10.3-py2.py3-none-any.whl", hash = "sha256:79580568e33eb3d6f6b462b1187f53e10cd8e4538f7d31495c9181e2cf9665d1"},
    {file = "pdbpp-0.10.3.tar.gz", hash = "sha256:d9e43f4fda388eeb365f2887f4e7b66ac09dce9b6236b76f63616530e2f669f5"},
]
pexpect = [
    {file = "pexpect-4.8.0-py2.py3-none-any.whl", hash = "sha256:0b48a55dcb3c05f3329815901ea4fc1537514d6ba867a152b581d69ae3710937"},
    {file = "pexpect-4.8.0.tar.gz", hash = "sha256:fc65a43959d153d0114afe13997d439c22823a27cefceb5ff35c2178c6784c0c"},
]
pickleshare = [
    {file = "pickleshare-0.7.5-py2.py3-none-any.whl", hash = "sha256:9649af414d74d4df115d5d718f82acb59c9d418196b7b4290ed47a12ce62df56"},
    {file = "pickleshare-0.7.5.tar.gz", hash = "sha256:87683d47965c1da65cdacaf31c8441d12b8044cdec9aca500cd78fc2c683afca"},
]
prompt-toolkit = [
    {file = "prompt_toolkit-3.0.31-py3-none-any.whl", hash = "sha256:9696f386133df0fc8ca5af4895afe5d78f5fcfe5258111c2a79a1c3e41ffa96d"},
    {file = "prompt_toolkit-3.0.31.tar.gz", hash = "sha256:9ada952c9d1787f52ff6d5f3484d0b4df8952787c087edf6a1f7c2cb1ea88148"},
]
ptyprocess = [
    {file = "ptyprocess-0.7.0-py2.py3-none-any.whl", hash = "sha256:4b41f3967fce3af57cc7e94b888626c18bf37a083e3651ca8feeb66d492fef35"},
    {file = "ptyprocess-0.7.0.tar.gz", hash = "sha256:5c5d0a3b48ceee0b48485e0c26037c0acd7d29765ca3fbb5cb3831d347423220"},
]
pure-eval = [
    {file = "pure_eval-0.2.2-py3-none-any.whl", hash = "sha256:01eaab343580944bc56080ebe0a674b39ec44a945e6d09ba7db3cb8cec289350"},
    {file = "pure_eval-0.2.2.tar.gz", hash = "sha256:2b45320af6dfaa1750f543d714b6d1c520a1688dec6fd24d339063ce0aaa9ac3"},
]
Pygments = [
    {file = "Pygments-2.13.0-py3-none-any.whl", hash = "sha256:f643f331ab57ba3c9d89212ee4a2dabc6e94f117cf4eefde99a0574720d14c42"},
    {file = "Pygments-2.13.0.tar.gz", hash = "sha256:56a8508ae95f98e2b9bdf93a6be5ae3f7d8af858b43e02c5a2ff083726be40c1"},
]
pyreadline = [
    {file = "pyreadline-2.1.win-amd64.exe", hash = "sha256:9ce5fa65b8992dfa373bddc5b6e0864ead8f291c94fbfec05fbd5c836162e67b"},
    {file = "pyreadline-2.1.win32.exe", hash = "sha256:65540c21bfe14405a3a77e4c085ecfce88724743a4ead47c66b84defcf82c32e"},
    {file = "pyreadline-2.1.zip", hash = "sha256:4530592fc2e85b25b1a9f79664433da09237c1a270e4d78ea5aa3a2c7229e2d1"},
]
pyrepl = [
    {file = "pyrepl-0.9.0.tar.gz", hash = "sha256:292570f34b5502e871bbb966d639474f2b57fbfcd3373c2d6a2f3d56e681a775"},
]
rich = [
    {file = "rich-12.6.0-py3-none-any.whl", hash = "sha256:a4eb26484f2c82589bd9a17c73d32a010b1e29d89f1604cd9bf3a2097b81bb5e"},
    {file = "rich-12.6.0.tar.gz", hash = "sha256:ba3a3775974105c221d31141f2c116f4fd65c5ceb0698657a11e9f295ec93fd0"},
]
setuptools = [
    {file = "setuptools-59.8.0-py3-none-any.whl", hash = "sha256:608a7885b664342ae9fafc43840b29d219c5a578876f6f7e00c4e2612160587f"},
    {file = "setuptools-59.8.0.tar.gz", hash = "sha256:09980778aa734c3037a47997f28d6db5ab18bdf2af0e49f719bfc53967fd2e82"},
]
six = [
    {file = "six-1.16.0-py2.py3-none-any.whl", hash = "sha256:8abb2f1d86890a2dfb989f9a77cfcfd3e47c2a354b01111771326f8aa26e0254"},
    {file = "six-1.16.0.tar.gz", hash = "sha256:1e61c37477a1626458e36f7b1d82aa5c9b094fa4802892072e49de9c60c4c926"},
]
stack-data = [
    {file = "stack_data-0.5.1-py3-none-any.whl", hash = "sha256:5120731a18ba4c82cefcf84a945f6f3e62319ef413bfc210e32aca3a69310ba2"},
    {file = "stack_data-0.5.1.tar.gz", hash = "sha256:95eb784942e861a3d80efd549ff9af6cf847d88343a12eb681d7157cfcb6e32b"},
]
torch = [
    {file = "torch-1.12.1+cu116-cp310-cp310-linux_x86_64.whl", hash = "sha256:b6bc31244aa2818929fbb30c483c221df471e9d856e805c5a1ff72b131ae9e7b"},
    {file = "torch-1.12.1+cu116-cp310-cp310-win_amd64.whl", hash = "sha256:832effad8b21109700323a5aa137a2e4bdea711dac3d8491ff542f798dab0101"},
    {file = "torch-1.12.1+cu116-cp37-cp37m-linux_x86_64.whl", hash = "sha256:fc9b4786ec54be67eaa8b0c7c9999e2f4ae2b89a1c18e41de1515a190440c691"},
    {file = "torch-1.12.1+cu116-cp37-cp37m-win_amd64.whl", hash = "sha256:bca5a77071d7eb901beb775648b125e6d9279f231d1f23e56530b5a189df8975"},
    {file = "torch-1.12.1+cu116-cp38-cp38-linux_x86_64.whl", hash = "sha256:dda312901220895087cc83d3665464a3dc171d04460c61c31af463efbfb54896"},
    {file = "torch-1.12.1+cu116-cp38-cp38-win_amd64.whl", hash = "sha256:b8e8906e770bcad12e67c269e1bcdd7661a8abd96519a4ba643e86440bbcc1bf"},
    {file = "torch-1.12.1+cu116-cp39-cp39-linux_x86_64.whl", hash = "sha256:7725420dabebfcaf44984edce3283eea91f98f0f7d5874bc68c7a164bd8126e3"},
    {file = "torch-1.12.1+cu116-cp39-cp39-win_amd64.whl", hash = "sha256:84f031e4ee25d95368d7531aa58e79da9808d3fa53b4b363ea03a2450b6fd0af"},
]
traitlets = [
    {file = "traitlets-5.4.0-py3-none-any.whl", hash = "sha256:93663cc8236093d48150e2af5e2ed30fc7904a11a6195e21bab0408af4e6d6c8"},
    {file = "traitlets-5.4.0.tar.gz", hash = "sha256:3f2c4e435e271592fe4390f1746ea56836e3a080f84e7833f0f801d9613fec39"},
]
typing-extensions = [
    {file = "typing_extensions-4.4.0-py3-none-any.whl", hash = "sha256:16fa4864408f655d35ec496218b85f79b3437c829e93320c7c9215ccfd92489e"},
    {file = "typing_extensions-4.4.0.tar.gz", hash = "sha256:1511434bb92bf8dd198c12b1cc812e800d4181cfcb867674e0f8279cc93087aa"},
]
wcwidth = [
    {file = "wcwidth-0.2.5-py2.py3-none-any.whl", hash = "sha256:beb4802a9cebb9144e99086eff703a642a13d6a0052920003a230f3294bbe784"},
    {file = "wcwidth-0.2.5.tar.gz", hash = "sha256:c4d647b99872929fdb7bdcaa4fbe7f01413ed3d98077df798530e5b04f116c83"},
]
wmctrl = [
    {file = "wmctrl-0.4.tar.gz", hash = "sha256:66cbff72b0ca06a22ec3883ac3a4d7c41078bdae4fb7310f52951769b10e14e0"},
]
